
Microsoft Visual Studio Solution File, Format Version 12.00
# Visual Studio Version 17
VisualStudioVersion = 17.14.36414.22 d17.14
MinimumVisualStudioVersion = 10.0.40219.1
Project("{FAE04EC0-301F-11D3-BF4B-00C04F79EFBC}") = "StarWars", "StarWars.csproj", "{CC60B24C-E02E-40D7-BADF-34A4151C9628}"
EndProject
Global
	GlobalSection(SolutionConfigurationPlatforms) = preSolution
		Debug|Any CPU = Debug|Any CPU
		Release|Any CPU = Release|Any CPU
	EndGlobalSection
	GlobalSection(ProjectConfigurationPlatforms) = postSolution
		{CC60B24C-E02E-40D7-BADF-34A4151C9628}.Debug|Any CPU.ActiveCfg = Debug|Any CPU
		{CC60B24C-E02E-40D7-BADF-34A4151C9628}.Debug|Any CPU.Build.0 = Debug|Any CPU
		{CC60B24C-E02E-40D7-BADF-34A4151C9628}.Release|Any CPU.ActiveCfg = Release|Any CPU
		{CC60B24C-E02E-40D7-BADF-34A4151C9628}.Release|Any CPU.Build.0 = Release|Any CPU
	EndGlobalSection
	GlobalSection(SolutionProperties) = preSolution
		HideSolutionNode = FALSE
	EndGlobalSection
	GlobalSection(ExtensibilityGlobals) = postSolution
		SolutionGuid = {2337F285-753F-4641-BAA7-F1B0EB3C9BE6}
	EndGlobalSection
EndGlobal
